schema: '2.0'
stages:
  data_ingestion:
    cmd: python src/di.py
    deps:
    - path: src/di.py
      hash: md5
      md5: da8a97ef3502201860e73e4867c4eb75
      size: 1987
    params:
      params.yaml:
        data_ingestion.test_size: 0.2
    outs:
    - path: data/raw
      hash: md5
      md5: 1a287d34dc172d9f950c03dae35f7e73.dir
      size: 484846
      nfiles: 2
  data_preprocessing:
    cmd: python src/dp.py
    deps:
    - path: data/raw
      hash: md5
      md5: 1a287d34dc172d9f950c03dae35f7e73.dir
      size: 484846
      nfiles: 2
    - path: src/di.py
      hash: md5
      md5: da8a97ef3502201860e73e4867c4eb75
      size: 1987
    outs:
    - path: data/processed
      hash: md5
      md5: ee12d0398714c5827837a4e0f5a93c87.dir
      size: 267163
      nfiles: 2
  feature_engineering:
    cmd: python src/fe.py
    deps:
    - path: data/processed
      hash: md5
      md5: ee12d0398714c5827837a4e0f5a93c87.dir
      size: 267163
      nfiles: 2
    - path: src/fe.py
      hash: md5
      md5: 3358b3398abe41d8bd41272299a4839d
      size: 2400
    params:
      params.yaml:
        feature_engineering.max_features: 35
    outs:
    - path: data/transformed
      hash: md5
      md5: ffae1787b945fe530699228fa57fe14a.dir
      size: 819306
      nfiles: 2
  model_training:
    cmd: python src/mt.py
    deps:
    - path: data/transformed
      hash: md5
      md5: ffae1787b945fe530699228fa57fe14a.dir
      size: 819306
      nfiles: 2
    - path: src/mt.py
      hash: md5
      md5: 9c3a8295f845b8868cefd3f87c765b2b
      size: 2051
    params:
      params.yaml:
        model_training.n_estimators: 20
        model_training.random_state: 2
    outs:
    - path: models/model.pkl
      hash: md5
      md5: db601affa16c1363a6d4b7a992361fd5
      size: 609924
  model_evaluation:
    cmd: python src/me.py
    deps:
    - path: models/model.pkl
      hash: md5
      md5: db601affa16c1363a6d4b7a992361fd5
      size: 609924
    - path: src/me.py
      hash: md5
      md5: 673f77c994b02d895ec1e2bdc08ee955
      size: 2592
    outs:
    - path: report/metrics.json
      hash: md5
      md5: 6d0d6b4623e5934f054bfe03a929d5f2
      size: 146
